Microsoft Visual Studio Solution File, Format Version 12.00
# Visual Studio Version 17
VisualStudioVersion = 17.5.2.0
MinimumVisualStudioVersion = 10.0.40219.1
Project("{FAE04EC0-301F-11D3-BF4B-00C04F79EFBC}") = "ClassLibraryStandard", "ClassLibraryStandard.csproj", "{8585F196-24A6-81A1-E3D9-CCD18831EFBD}"
EndProject
Global
	GlobalSection(SolutionConfigurationPlatforms) = preSolution
		Debug|Any CPU = Debug|Any CPU
		Release|Any CPU = Release|Any CPU
	EndGlobalSection
	GlobalSection(ProjectConfigurationPlatforms) = postSolution
		{8585F196-24A6-81A1-E3D9-CCD18831EFBD}.Debug|Any CPU.ActiveCfg = Debug|Any CPU
		{8585F196-24A6-81A1-E3D9-CCD18831EFBD}.Debug|Any CPU.Build.0 = Debug|Any CPU
		{8585F196-24A6-81A1-E3D9-CCD18831EFBD}.Release|Any CPU.ActiveCfg = Release|Any CPU
		{8585F196-24A6-81A1-E3D9-CCD18831EFBD}.Release|Any CPU.Build.0 = Release|Any CPU
	EndGlobalSection
	GlobalSection(SolutionProperties) = preSolution
		HideSolutionNode = FALSE
	EndGlobalSection
	GlobalSection(ExtensibilityGlobals) = postSolution
		SolutionGuid = {A2507966-DB10-4068-B930-03435E6B9441}
	EndGlobalSection
EndGlobal
