
Microsoft Visual Studio Solution File, Format Version 12.00
# Visual Studio Version 17
VisualStudioVersion = 17.14.36915.13 d17.14
MinimumVisualStudioVersion = 10.0.40219.1
Project("{FAE04EC0-301F-11D3-BF4B-00C04F79EFBC}") = "ClassLibrary2", "ClassLibrary2.csproj", "{3DA195E3-687A-4C3F-B439-3E20A1A28CC6}"
EndProject
Global
	GlobalSection(SolutionConfigurationPlatforms) = preSolution
		Debug|Any CPU = Debug|Any CPU
		Release|Any CPU = Release|Any CPU
	EndGlobalSection
	GlobalSection(ProjectConfigurationPlatforms) = postSolution
		{3DA195E3-687A-4C3F-B439-3E20A1A28CC6}.Debug|Any CPU.ActiveCfg = Debug|Any CPU
		{3DA195E3-687A-4C3F-B439-3E20A1A28CC6}.Debug|Any CPU.Build.0 = Debug|Any CPU
		{3DA195E3-687A-4C3F-B439-3E20A1A28CC6}.Release|Any CPU.ActiveCfg = Release|Any CPU
		{3DA195E3-687A-4C3F-B439-3E20A1A28CC6}.Release|Any CPU.Build.0 = Release|Any CPU
	EndGlobalSection
	GlobalSection(SolutionProperties) = preSolution
		HideSolutionNode = FALSE
	EndGlobalSection
	GlobalSection(ExtensibilityGlobals) = postSolution
		SolutionGuid = {A697D296-CACD-49E2-81E0-DDCC2518A527}
	EndGlobalSection
EndGlobal
